// !$*UTF8*$!
{
	archiveVersion = 1;
	classes = {
	};
	objectVersion = 50;
	objects = {

/* Begin PBXBuildFile section */
		7A3173F5227E44FD0055F8B3 /* Inceptionv3.mlmodel in Sources */ = {isa = PBXBuildFile; fileRef = 7A3173F4227E44FD0055F8B3 /* Inceptionv3.mlmodel */; };
		7A3173F7227E45E70055F8B3 /* CGImagePropertyOrientation+UIImageOrientation.swift in Sources */ = {isa = PBXBuildFile; fileRef = 7A3173F6227E45E70055F8B3 /* CGImagePropertyOrientation+UIImageOrientation.swift */; };
		7A3173F9227E48A90055F8B3 /* ImageClassificationViewController.swift in Sources */ = {isa = PBXBuildFile; fileRef = 7A3173F8227E48A90055F8B3 /* ImageClassificationViewController.swift */; };
		7A3173FB2281B83B0055F8B3 /* Gabarito.swift in Sources */ = {isa = PBXBuildFile; fileRef = 7A3173FA2281B83B0055F8B3 /* Gabarito.swift */; };
		7ABC2E35227B254700D204B2 /* AppDelegate.swift in Sources */ = {isa = PBXBuildFile; fileRef = 7ABC2E34227B254700D204B2 /* AppDelegate.swift */; };
		7ABC2E3A227B254700D204B2 /* Main.storyboard in Resources */ = {isa = PBXBuildFile; fileRef = 7ABC2E38227B254700D204B2 /* Main.storyboard */; };
		7ABC2E3C227B254A00D204B2 /* Assets.xcassets in Resources */ = {isa = PBXBuildFile; fileRef = 7ABC2E3B227B254900D204B2 /* Assets.xcassets */; };
		7ABC2E3F227B254A00D204B2 /* LaunchScreen.storyboard in Resources */ = {isa = PBXBuildFile; fileRef = 7ABC2E3D227B254A00D204B2 /* LaunchScreen.storyboard */; };
		7ABC2E4A227B254A00D204B2 /* JealousPartnerTests.swift in Sources */ = {isa = PBXBuildFile; fileRef = 7ABC2E49227B254A00D204B2 /* JealousPartnerTests.swift */; };
		7ABC2E55227B254A00D204B2 /* JealousPartnerUITests.swift in Sources */ = {isa = PBXBuildFile; fileRef = 7ABC2E54227B254A00D204B2 /* JealousPartnerUITests.swift */; };
		7AC12E90227B7A7300CE7AA8 /* Manager.swift in Sources */ = {isa = PBXBuildFile; fileRef = 7AC12E8F227B7A7300CE7AA8 /* Manager.swift */; };
		7AC12E92227B7DB500CE7AA8 /* Convera.swift in Sources */ = {isa = PBXBuildFile; fileRef = 7AC12E91227B7DB500CE7AA8 /* Convera.swift */; };
		7AC12E94227C6E6500CE7AA8 /* Escolha.swift in Sources */ = {isa = PBXBuildFile; fileRef = 7AC12E93227C6E6500CE7AA8 /* Escolha.swift */; };
		7AC12E96227C74BF00CE7AA8 /* SwipeViewController.swift in Sources */ = {isa = PBXBuildFile; fileRef = 7AC12E95227C74BF00CE7AA8 /* SwipeViewController.swift */; };
		7AC12E98227CB47800CE7AA8 /* FotoViewController.swift in Sources */ = {isa = PBXBuildFile; fileRef = 7AC12E97227CB47800CE7AA8 /* FotoViewController.swift */; };
		7AC12E9A227CB76B00CE7AA8 /* NextViewController.swift in Sources */ = {isa = PBXBuildFile; fileRef = 7AC12E99227CB76B00CE7AA8 /* NextViewController.swift */; };
		7AC12E9C227CBA3E00CE7AA8 /* FailViewController.swift in Sources */ = {isa = PBXBuildFile; fileRef = 7AC12E9B227CBA3E00CE7AA8 /* FailViewController.swift */; };
		7AC12EA0227E08A800CE7AA8 /* FinalViewController.swift in Sources */ = {isa = PBXBuildFile; fileRef = 7AC12E9F227E08A800CE7AA8 /* FinalViewController.swift */; };
/* End PBXBuildFile section */

/* Begin PBXContainerItemProxy section */
		7ABC2E46227B254A00D204B2 /* PBXContainerItemProxy */ = {
			isa = PBXContainerItemProxy;
			containerPortal = 7ABC2E29227B254700D204B2 /* Project object */;
			proxyType = 1;
			remoteGlobalIDString = 7ABC2E30227B254700D204B2;
			remoteInfo = JealousPartner;
		};
		7ABC2E51227B254A00D204B2 /* PBXContainerItemProxy */ = {
			isa = PBXContainerItemProxy;
			containerPortal = 7ABC2E29227B254700D204B2 /* Project object */;
			proxyType = 1;
			remoteGlobalIDString = 7ABC2E30227B254700D204B2;
			remoteInfo = JealousPartner;
		};
/* End PBXContainerItemProxy section */

/* Begin PBXFileReference section */
		7A3173F4227E44FD0055F8B3 /* Inceptionv3.mlmodel */ = {isa = PBXFileReference; lastKnownFileType = file.mlmodel; path = Inceptionv3.mlmodel; sourceTree = "<group>"; };
		7A3173F6227E45E70055F8B3 /* CGImagePropertyOrientation+UIImageOrientation.swift */ = {isa = PBXFileReference; fileEncoding = 4; lastKnownFileType = sourcecode.swift; path = "CGImagePropertyOrientation+UIImageOrientation.swift"; sourceTree = "<group>"; };
		7A3173F8227E48A90055F8B3 /* ImageClassificationViewController.swift */ = {isa = PBXFileReference; fileEncoding = 4; lastKnownFileType = sourcecode.swift; path = ImageClassificationViewController.swift; sourceTree = "<group>"; };
		7A3173FA2281B83B0055F8B3 /* Gabarito.swift */ = {isa = PBXFileReference; lastKnownFileType = sourcecode.swift; path = Gabarito.swift; sourceTree = "<group>"; };
		7ABC2E31227B254700D204B2 /* JealousPartner.app */ = {isa = PBXFileReference; explicitFileType = wrapper.application; includeInIndex = 0; path = JealousPartner.app; sourceTree = BUILT_PRODUCTS_DIR; };
		7ABC2E34227B254700D204B2 /* AppDelegate.swift */ = {isa = PBXFileReference; lastKnownFileType = sourcecode.swift; path = AppDelegate.swift; sourceTree = "<group>"; };
		7ABC2E39227B254700D204B2 /* Base */ = {isa = PBXFileReference; lastKnownFileType = file.storyboard; name = Base; path = Base.lproj/Main.storyboard; sourceTree = "<group>"; };
		7ABC2E3B227B254900D204B2 /* Assets.xcassets */ = {isa = PBXFileReference; lastKnownFileType = folder.assetcatalog; path = Assets.xcassets; sourceTree = "<group>"; };
		7ABC2E3E227B254A00D204B2 /* Base */ = {isa = PBXFileReference; lastKnownFileType = file.storyboard; name = Base; path = Base.lproj/LaunchScreen.storyboard; sourceTree = "<group>"; };
		7ABC2E40227B254A00D204B2 /* Info.plist */ = {isa = PBXFileReference; lastKnownFileType = text.plist.xml; path = Info.plist; sourceTree = "<group>"; };
		7ABC2E45227B254A00D204B2 /* JealousPartnerTests.xctest */ = {isa = PBXFileReference; explicitFileType = wrapper.cfbundle; includeInIndex = 0; path = JealousPartnerTests.xctest; sourceTree = BUILT_PRODUCTS_DIR; };
		7ABC2E49227B254A00D204B2 /* JealousPartnerTests.swift */ = {isa = PBXFileReference; lastKnownFileType = sourcecode.swift; path = JealousPartnerTests.swift; sourceTree = "<group>"; };
		7ABC2E4B227B254A00D204B2 /* Info.plist */ = {isa = PBXFileReference; lastKnownFileType = text.plist.xml; path = Info.plist; sourceTree = "<group>"; };
		7ABC2E50227B254A00D204B2 /* JealousPartnerUITests.xctest */ = {isa = PBXFileReference; explicitFileType = wrapper.cfbundle; includeInIndex = 0; path = JealousPartnerUITests.xctest; sourceTree = BUILT_PRODUCTS_DIR; };
		7ABC2E54227B254A00D204B2 /* JealousPartnerUITests.swift */ = {isa = PBXFileReference; lastKnownFileType = sourcecode.swift; path = JealousPartnerUITests.swift; sourceTree = "<group>"; };
		7ABC2E56227B254A00D204B2 /* Info.plist */ = {isa = PBXFileReference; lastKnownFileType = text.plist.xml; path = Info.plist; sourceTree = "<group>"; };
		7ABC2E63227B599200D204B2 /* en */ = {isa = PBXFileReference; lastKnownFileType = text.plist.strings; name = en; path = en.lproj/Main.strings; sourceTree = "<group>"; };
		7AC12E8F227B7A7300CE7AA8 /* Manager.swift */ = {isa = PBXFileReference; lastKnownFileType = sourcecode.swift; path = Manager.swift; sourceTree = "<group>"; };
		7AC12E91227B7DB500CE7AA8 /* Convera.swift */ = {isa = PBXFileReference; lastKnownFileType = sourcecode.swift; path = Convera.swift; sourceTree = "<group>"; };
		7AC12E93227C6E6500CE7AA8 /* Escolha.swift */ = {isa = PBXFileReference; lastKnownFileType = sourcecode.swift; path = Escolha.swift; sourceTree = "<group>"; };
		7AC12E95227C74BF00CE7AA8 /* SwipeViewController.swift */ = {isa = PBXFileReference; lastKnownFileType = sourcecode.swift; path = SwipeViewController.swift; sourceTree = "<group>"; };
		7AC12E97227CB47800CE7AA8 /* FotoViewController.swift */ = {isa = PBXFileReference; lastKnownFileType = sourcecode.swift; path = FotoViewController.swift; sourceTree = "<group>"; };
		7AC12E99227CB76B00CE7AA8 /* NextViewController.swift */ = {isa = PBXFileReference; lastKnownFileType = sourcecode.swift; path = NextViewController.swift; sourceTree = "<group>"; };
		7AC12E9B227CBA3E00CE7AA8 /* FailViewController.swift */ = {isa = PBXFileReference; lastKnownFileType = sourcecode.swift; path = FailViewController.swift; sourceTree = "<group>"; };
		7AC12E9F227E08A800CE7AA8 /* FinalViewController.swift */ = {isa = PBXFileReference; lastKnownFileType = sourcecode.swift; path = FinalViewController.swift; sourceTree = "<group>"; };
/* End PBXFileReference section */

/* Begin PBXFrameworksBuildPhase section */
		7ABC2E2E227B254700D204B2 /* Frameworks */ = {
			isa = PBXFrameworksBuildPhase;
			buildActionMask = 2147483647;
			files = (
			);
			runOnlyForDeploymentPostprocessing = 0;
		};
		7ABC2E42227B254A00D204B2 /* Frameworks */ = {
			isa = PBXFrameworksBuildPhase;
			buildActionMask = 2147483647;
			files = (
			);
			runOnlyForDeploymentPostprocessing = 0;
		};
		7ABC2E4D227B254A00D204B2 /* Frameworks */ = {
			isa = PBXFrameworksBuildPhase;
			buildActionMask = 2147483647;
			files = (
			);
			runOnlyForDeploymentPostprocessing = 0;
		};
/* End PBXFrameworksBuildPhase section */

/* Begin PBXGroup section */
		7ABC2E28227B254700D204B2 = {
			isa = PBXGroup;
			children = (
				7ABC2E33227B254700D204B2 /* JealousPartner */,
				7ABC2E48227B254A00D204B2 /* JealousPartnerTests */,
				7ABC2E53227B254A00D204B2 /* JealousPartnerUITests */,
				7ABC2E32227B254700D204B2 /* Products */,
			);
			sourceTree = "<group>";
		};
		7ABC2E32227B254700D204B2 /* Products */ = {
			isa = PBXGroup;
			children = (
				7ABC2E31227B254700D204B2 /* JealousPartner.app */,
				7ABC2E45227B254A00D204B2 /* JealousPartnerTests.xctest */,
				7ABC2E50227B254A00D204B2 /* JealousPartnerUITests.xctest */,
			);
			name = Products;
			sourceTree = "<group>";
		};
		7ABC2E33227B254700D204B2 /* JealousPartner */ = {
			isa = PBXGroup;
			children = (
				7A3173F8227E48A90055F8B3 /* ImageClassificationViewController.swift */,
				7A3173F6227E45E70055F8B3 /* CGImagePropertyOrientation+UIImageOrientation.swift */,
				7A3173F4227E44FD0055F8B3 /* Inceptionv3.mlmodel */,
				7ABC2E34227B254700D204B2 /* AppDelegate.swift */,
				7ABC2E38227B254700D204B2 /* Main.storyboard */,
				7ABC2E3B227B254900D204B2 /* Assets.xcassets */,
				7ABC2E3D227B254A00D204B2 /* LaunchScreen.storyboard */,
				7ABC2E40227B254A00D204B2 /* Info.plist */,
				7AC12E8F227B7A7300CE7AA8 /* Manager.swift */,
				7AC12E91227B7DB500CE7AA8 /* Convera.swift */,
				7AC12E93227C6E6500CE7AA8 /* Escolha.swift */,
				7A3173FA2281B83B0055F8B3 /* Gabarito.swift */,
				7AC12E95227C74BF00CE7AA8 /* SwipeViewController.swift */,
				7AC12E97227CB47800CE7AA8 /* FotoViewController.swift */,
				7AC12E99227CB76B00CE7AA8 /* NextViewController.swift */,
				7AC12E9B227CBA3E00CE7AA8 /* FailViewController.swift */,
				7AC12E9F227E08A800CE7AA8 /* FinalViewController.swift */,
			);
			path = JealousPartner;
			sourceTree = "<group>";
		};
		7ABC2E48227B254A00D204B2 /* JealousPartnerTests */ = {
			isa = PBXGroup;
			children = (
				7ABC2E49227B254A00D204B2 /* JealousPartnerTests.swift */,
				7ABC2E4B227B254A00D204B2 /* Info.plist */,
			);
			path = JealousPartnerTests;
			sourceTree = "<group>";
		};
		7ABC2E53227B254A00D204B2 /* JealousPartnerUITests */ = {
			isa = PBXGroup;
			children = (
				7ABC2E54227B254A00D204B2 /* JealousPartnerUITests.swift */,
				7ABC2E56227B254A00D204B2 /* Info.plist */,
			);
			path = JealousPartnerUITests;
			sourceTree = "<group>";
		};
/* End PBXGroup section */

/* Begin PBXNativeTarget section */
		7ABC2E30227B254700D204B2 /* JealousPartner */ = {
			isa = PBXNativeTarget;
			buildConfigurationList = 7ABC2E59227B254A00D204B2 /* Build configuration list for PBXNativeTarget "JealousPartner" */;
			buildPhases = (
				7ABC2E2D227B254700D204B2 /* Sources */,
				7ABC2E2E227B254700D204B2 /* Frameworks */,
				7ABC2E2F227B254700D204B2 /* Resources */,
			);
			buildRules = (
			);
			dependencies = (
			);
			name = JealousPartner;
			productName = JealousPartner;
			productReference = 7ABC2E31227B254700D204B2 /* JealousPartner.app */;
			productType = "com.apple.product-type.application";
		};
		7ABC2E44227B254A00D204B2 /* JealousPartnerTests */ = {
			isa = PBXNativeTarget;
			buildConfigurationList = 7ABC2E5C227B254A00D204B2 /* Build configuration list for PBXNativeTarget "JealousPartnerTests" */;
			buildPhases = (
				7ABC2E41227B254A00D204B2 /* Sources */,
				7ABC2E42227B254A00D204B2 /* Frameworks */,
				7ABC2E43227B254A00D204B2 /* Resources */,
			);
			buildRules = (
			);
			dependencies = (
				7ABC2E47227B254A00D204B2 /* PBXTargetDependency */,
			);
			name = JealousPartnerTests;
			productName = JealousPartnerTests;
			productReference = 7ABC2E45227B254A00D204B2 /* JealousPartnerTests.xctest */;
			productType = "com.apple.product-type.bundle.unit-test";
		};
		7ABC2E4F227B254A00D204B2 /* JealousPartnerUITests */ = {
			isa = PBXNativeTarget;
			buildConfigurationList = 7ABC2E5F227B254A00D204B2 /* Build configuration list for PBXNativeTarget "JealousPartnerUITests" */;
			buildPhases = (
				7ABC2E4C227B254A00D204B2 /* Sources */,
				7ABC2E4D227B254A00D204B2 /* Frameworks */,
				7ABC2E4E227B254A00D204B2 /* Resources */,
			);
			buildRules = (
			);
			dependencies = (
				7ABC2E52227B254A00D204B2 /* PBXTargetDependency */,
			);
			name = JealousPartnerUITests;
			productName = JealousPartnerUITests;
			productReference = 7ABC2E50227B254A00D204B2 /* JealousPartnerUITests.xctest */;
			productType = "com.apple.product-type.bundle.ui-testing";
		};
/* End PBXNativeTarget section */

/* Begin PBXProject section */
		7ABC2E29227B254700D204B2 /* Project object */ = {
			isa = PBXProject;
			attributes = {
				LastSwiftUpdateCheck = 1020;
				LastUpgradeCheck = 1020;
				ORGANIZATIONNAME = "Otávio Baziewicz Filho";
				TargetAttributes = {
					7ABC2E30227B254700D204B2 = {
						CreatedOnToolsVersion = 10.2.1;
					};
					7ABC2E44227B254A00D204B2 = {
						CreatedOnToolsVersion = 10.2.1;
						TestTargetID = 7ABC2E30227B254700D204B2;
					};
					7ABC2E4F227B254A00D204B2 = {
						CreatedOnToolsVersion = 10.2.1;
						TestTargetID = 7ABC2E30227B254700D204B2;
					};
				};
			};
			buildConfigurationList = 7ABC2E2C227B254700D204B2 /* Build configuration list for PBXProject "JealousPartner" */;
			compatibilityVersion = "Xcode 9.3";
			developmentRegion = en;
			hasScannedForEncodings = 0;
			knownRegions = (
				en,
				Base,
			);
			mainGroup = 7ABC2E28227B254700D204B2;
			productRefGroup = 7ABC2E32227B254700D204B2 /* Products */;
			projectDirPath = "";
			projectRoot = "";
			targets = (
				7ABC2E30227B254700D204B2 /* JealousPartner */,
				7ABC2E44227B254A00D204B2 /* JealousPartnerTests */,
				7ABC2E4F227B254A00D204B2 /* JealousPartnerUITests */,
			);
		};
/* End PBXProject section */

/* Begin PBXResourcesBuildPhase section */
		7ABC2E2F227B254700D204B2 /* Resources */ = {
			isa = PBXResourcesBuildPhase;
			buildActionMask = 2147483647;
			files = (
				7ABC2E3F227B254A00D204B2 /* LaunchScreen.storyboard in Resources */,
				7ABC2E3C227B254A00D204B2 /* Assets.xcassets in Resources */,
				7ABC2E3A227B254700D204B2 /* Main.storyboard in Resources */,
			);
			runOnlyForDeploymentPostprocessing = 0;
		};
		7ABC2E43227B254A00D204B2 /* Resources */ = {
			isa = PBXResourcesBuildPhase;
			buildActionMask = 2147483647;
			files = (
			);
			runOnlyForDeploymentPostprocessing = 0;
		};
		7ABC2E4E227B254A00D204B2 /* Resources */ = {
			isa = PBXResourcesBuildPhase;
			buildActionMask = 2147483647;
			files = (
			);
			runOnlyForDeploymentPostprocessing = 0;
		};
/* End PBXResourcesBuildPhase section */

/* Begin PBXSourcesBuildPhase section */
		7ABC2E2D227B254700D204B2 /* Sources */ = {
			isa = PBXSourcesBuildPhase;
			buildActionMask = 2147483647;
			files = (
				7A3173F5227E44FD0055F8B3 /* Inceptionv3.mlmodel in Sources */,
				7AC12E96227C74BF00CE7AA8 /* SwipeViewController.swift in Sources */,
				7AC12EA0227E08A800CE7AA8 /* FinalViewController.swift in Sources */,
				7A3173F7227E45E70055F8B3 /* CGImagePropertyOrientation+UIImageOrientation.swift in Sources */,
				7AC12E9A227CB76B00CE7AA8 /* NextViewController.swift in Sources */,
				7AC12E94227C6E6500CE7AA8 /* Escolha.swift in Sources */,
				7AC12E90227B7A7300CE7AA8 /* Manager.swift in Sources */,
				7AC12E92227B7DB500CE7AA8 /* Convera.swift in Sources */,
				7A3173F9227E48A90055F8B3 /* ImageClassificationViewController.swift in Sources */,
				7AC12E98227CB47800CE7AA8 /* FotoViewController.swift in Sources */,
				7A3173FB2281B83B0055F8B3 /* Gabarito.swift in Sources */,
				7AC12E9C227CBA3E00CE7AA8 /* FailViewController.swift in Sources */,
				7ABC2E35227B254700D204B2 /* AppDelegate.swift in Sources */,
			);
			runOnlyForDeploymentPostprocessing = 0;
		};
		7ABC2E41227B254A00D204B2 /* Sources */ = {
			isa = PBXSourcesBuildPhase;
			buildActionMask = 2147483647;
			files = (
				7ABC2E4A227B254A00D204B2 /* JealousPartnerTests.swift in Sources */,
			);
			runOnlyForDeploymentPostprocessing = 0;
		};
		7ABC2E4C227B254A00D204B2 /* Sources */ = {
			isa = PBXSourcesBuildPhase;
			buildActionMask = 2147483647;
			files = (
				7ABC2E55227B254A00D204B2 /* JealousPartnerUITests.swift in Sources */,
			);
			runOnlyForDeploymentPostprocessing = 0;
		};
/* End PBXSourcesBuildPhase section */

/* Begin PBXTargetDependency section */
		7ABC2E47227B254A00D204B2 /* PBXTargetDependency */ = {
			isa = PBXTargetDependency;
			target = 7ABC2E30227B254700D204B2 /* JealousPartner */;
			targetProxy = 7ABC2E46227B254A00D204B2 /* PBXContainerItemProxy */;
		};
		7ABC2E52227B254A00D204B2 /* PBXTargetDependency */ = {
			isa = PBXTargetDependency;
			target = 7ABC2E30227B254700D204B2 /* JealousPartner */;
			targetProxy = 7ABC2E51227B254A00D204B2 /* PBXContainerItemProxy */;
		};
/* End PBXTargetDependency section */

/* Begin PBXVariantGroup section */
		7ABC2E38227B254700D204B2 /* Main.storyboard */ = {
			isa = PBXVariantGroup;
			children = (
				7ABC2E39227B254700D204B2 /* Base */,
				7ABC2E63227B599200D204B2 /* en */,
			);
			name = Main.storyboard;
			sourceTree = "<group>";
		};
		7ABC2E3D227B254A00D204B2 /* LaunchScreen.storyboard */ = {
			isa = PBXVariantGroup;
			children = (
				7ABC2E3E227B254A00D204B2 /* Base */,
			);
			name = LaunchScreen.storyboard;
			sourceTree = "<group>";
		};
/* End PBXVariantGroup section */

/* Begin XCBuildConfiguration section */
		7ABC2E57227B254A00D204B2 /* Debug */ = {
			isa = XCBuildConfiguration;
			buildSettings = {
				ALWAYS_SEARCH_USER_PATHS = NO;
				CLANG_ANALYZER_NONNULL = YES;
				CLANG_ANALYZER_NUMBER_OBJECT_CONVERSION = YES_AGGRESSIVE;
				CLANG_CXX_LANGUAGE_STANDARD = "gnu++14";
				CLANG_CXX_LIBRARY = "libc++";
				CLANG_ENABLE_MODULES = YES;
				CLANG_ENABLE_OBJC_ARC = YES;
				CLANG_ENABLE_OBJC_WEAK = YES;
				CLANG_WARN_BLOCK_CAPTURE_AUTORELEASING = YES;
				CLANG_WARN_BOOL_CONVERSION = YES;
				CLANG_WARN_COMMA = YES;
				CLANG_WARN_CONSTANT_CONVERSION = YES;
				CLANG_WARN_DEPRECATED_OBJC_IMPLEMENTATIONS = YES;
				CLANG_WARN_DIRECT_OBJC_ISA_USAGE = YES_ERROR;
				CLANG_WARN_DOCUMENTATION_COMMENTS = YES;
				CLANG_WARN_EMPTY_BODY = YES;
				CLANG_WARN_ENUM_CONVERSION = YES;
				CLANG_WARN_INFINITE_RECURSION = YES;
				CLANG_WARN_INT_CONVERSION = YES;
				CLANG_WARN_NON_LITERAL_NULL_CONVERSION = YES;
				CLANG_WARN_OBJC_IMPLICIT_RETAIN_SELF = YES;
				CLANG_WARN_OBJC_LITERAL_CONVERSION = YES;
				CLANG_WARN_OBJC_ROOT_CLASS = YES_ERROR;
				CLANG_WARN_RANGE_LOOP_ANALYSIS = YES;
				CLANG_WARN_STRICT_PROTOTYPES = YES;
				CLANG_WARN_SUSPICIOUS_MOVE = YES;
				CLANG_WARN_UNGUARDED_AVAILABILITY = YES_AGGRESSIVE;
				CLANG_WARN_UNREACHABLE_CODE = YES;
				CLANG_WARN__DUPLICATE_METHOD_MATCH = YES;
				CODE_SIGN_IDENTITY = "iPhone Developer";
				COPY_PHASE_STRIP = NO;
				DEBUG_INFORMATION_FORMAT = dwarf;
				ENABLE_STRICT_OBJC_MSGSEND = YES;
				ENABLE_TESTABILITY = YES;
				GCC_C_LANGUAGE_STANDARD = gnu11;
				GCC_DYNAMIC_NO_PIC = NO;
				GCC_NO_COMMON_BLOCKS = YES;
				GCC_OPTIMIZATION_LEVEL = 0;
				GCC_PREPROCESSOR_DEFINITIONS = (
					"DEBUG=1",
					"$(inherited)",
				);
				GCC_WARN_64_TO_32_BIT_CONVERSION = YES;
				GCC_WARN_ABOUT_RETURN_TYPE = YES_ERROR;
				GCC_WARN_UNDECLARED_SELECTOR = YES;
				GCC_WARN_UNINITIALIZED_AUTOS = YES_AGGRESSIVE;
				GCC_WARN_UNUSED_FUNCTION = YES;
				GCC_WARN_UNUSED_VARIABLE = YES;
				IPHONEOS_DEPLOYMENT_TARGET = 12.2;
				MTL_ENABLE_DEBUG_INFO = INCLUDE_SOURCE;
				MTL_FAST_MATH = YES;
				ONLY_ACTIVE_ARCH = YES;
				SDKROOT = iphoneos;
				SWIFT_ACTIVE_COMPILATION_CONDITIONS = DEBUG;
				SWIFT_OPTIMIZATION_LEVEL = "-Onone";
			};
			name = Debug;
		};
		7ABC2E58227B254A00D204B2 /* Release */ = {
			isa = XCBuildConfiguration;
			buildSettings = {
				ALWAYS_SEARCH_USER_PATHS = NO;
				CLANG_ANALYZER_NONNULL = YES;
				CLANG_ANALYZER_NUMBER_OBJECT_CONVERSION = YES_AGGRESSIVE;
				CLANG_CXX_LANGUAGE_STANDARD = "gnu++14";
				CLANG_CXX_LIBRARY = "libc++";
				CLANG_ENABLE_MODULES = YES;
				CLANG_ENABLE_OBJC_ARC = YES;
				CLANG_ENABLE_OBJC_WEAK = YES;
				CLANG_WARN_BLOCK_CAPTURE_AUTORELEASING = YES;
				CLANG_WARN_BOOL_CONVERSION = YES;
				CLANG_WARN_COMMA = YES;
				CLANG_WARN_CONSTANT_CONVERSION = YES;
				CLANG_WARN_DEPRECATED_OBJC_IMPLEMENTATIONS = YES;
				CLANG_WARN_DIRECT_OBJC_ISA_USAGE = YES_ERROR;
				CLANG_WARN_DOCUMENTATION_COMMENTS = YES;
				CLANG_WARN_EMPTY_BODY = YES;
				CLANG_WARN_ENUM_CONVERSION = YES;
				CLANG_WARN_INFINITE_RECURSION = YES;
				CLANG_WARN_INT_CONVERSION = YES;
				CLANG_WARN_NON_LITERAL_NULL_CONVERSION = YES;
				CLANG_WARN_OBJC_IMPLICIT_RETAIN_SELF = YES;
				CLANG_WARN_OBJC_LITERAL_CONVERSION = YES;
				CLANG_WARN_OBJC_ROOT_CLASS = YES_ERROR;
				CLANG_WARN_RANGE_LOOP_ANALYSIS = YES;
				CLANG_WARN_STRICT_PROTOTYPES = YES;
				CLANG_WARN_SUSPICIOUS_MOVE = YES;
				CLANG_WARN_UNGUARDED_AVAILABILITY = YES_AGGRESSIVE;
				CLANG_WARN_UNREACHABLE_CODE = YES;
				CLANG_WARN__DUPLICATE_METHOD_MATCH = YES;
				CODE_SIGN_IDENTITY = "iPhone Developer";
				COPY_PHASE_STRIP = NO;
				DEBUG_INFORMATION_FORMAT = "dwarf-with-dsym";
				ENABLE_NS_ASSERTIONS = NO;
				ENABLE_STRICT_OBJC_MSGSEND = YES;
				GCC_C_LANGUAGE_STANDARD = gnu11;
				GCC_NO_COMMON_BLOCKS = YES;
				GCC_WARN_64_TO_32_BIT_CONVERSION = YES;
				GCC_WARN_ABOUT_RETURN_TYPE = YES_ERROR;
				GCC_WARN_UNDECLARED_SELECTOR = YES;
				GCC_WARN_UNINITIALIZED_AUTOS = YES_AGGRESSIVE;
				GCC_WARN_UNUSED_FUNCTION = YES;
				GCC_WARN_UNUSED_VARIABLE = YES;
				IPHONEOS_DEPLOYMENT_TARGET = 12.2;
				MTL_ENABLE_DEBUG_INFO = NO;
				MTL_FAST_MATH = YES;
				SDKROOT = iphoneos;
				SWIFT_COMPILATION_MODE = wholemodule;
				SWIFT_OPTIMIZATION_LEVEL = "-O";
				VALIDATE_PRODUCT = YES;
			};
			name = Release;
		};
		7ABC2E5A227B254A00D204B2 /* Debug */ = {
			isa = XCBuildConfiguration;
			buildSettings = {
				ASSETCATALOG_COMPILER_APPICON_NAME = AppIcon;
				CODE_SIGN_STYLE = Automatic;
				DEVELOPMENT_TEAM = 373U5VR954;
				INFOPLIST_FILE = JealousPartner/Info.plist;
				IPHONEOS_DEPLOYMENT_TARGET = 11.0;
				LD_RUNPATH_SEARCH_PATHS = (
					"$(inherited)",
					"@executable_path/Frameworks",
				);
				PRODUCT_BUNDLE_IDENTIFIER = br.pucpr.JealousPartner;
				PRODUCT_NAME = "$(TARGET_NAME)";
				SWIFT_VERSION = 5.0;
				TARGETED_DEVICE_FAMILY = "1,2";
			};
			name = Debug;
		};
		7ABC2E5B227B254A00D204B2 /* Release */ = {
			isa = XCBuildConfiguration;
			buildSettings = {
				ASSETCATALOG_COMPILER_APPICON_NAME = AppIcon;
				CODE_SIGN_STYLE = Automatic;
				DEVELOPMENT_TEAM = 373U5VR954;
				INFOPLIST_FILE = JealousPartner/Info.plist;
				IPHONEOS_DEPLOYMENT_TARGET = 11.0;
				LD_RUNPATH_SEARCH_PATHS = (
					"$(inherited)",
					"@executable_path/Frameworks",
				);
				PRODUCT_BUNDLE_IDENTIFIER = br.pucpr.JealousPartner;
				PRODUCT_NAME = "$(TARGET_NAME)";
				SWIFT_VERSION = 5.0;
				TARGETED_DEVICE_FAMILY = "1,2";
			};
			name = Release;
		};
		7ABC2E5D227B254A00D204B2 /* Debug */ = {
			isa = XCBuildConfiguration;
			buildSettings = {
				ALWAYS_EMBED_SWIFT_STANDARD_LIBRARIES = YES;
				BUNDLE_LOADER = "$(TEST_HOST)";
				CODE_SIGN_STYLE = Automatic;
				DEVELOPMENT_TEAM = 373U5VR954;
				INFOPLIST_FILE = JealousPartnerTests/Info.plist;
				LD_RUNPATH_SEARCH_PATHS = (
					"$(inherited)",
					"@executable_path/Frameworks",
					"@loader_path/Frameworks",
				);
				PRODUCT_BUNDLE_IDENTIFIER = br.pucpr.JealousPartnerTests;
				PRODUCT_NAME = "$(TARGET_NAME)";
				SWIFT_VERSION = 5.0;
				TARGETED_DEVICE_FAMILY = "1,2";
				TEST_HOST = "$(BUILT_PRODUCTS_DIR)/JealousPartner.app/JealousPartner";
			};
			name = Debug;
		};
		7ABC2E5E227B254A00D204B2 /* Release */ = {
			isa = XCBuildConfiguration;
			buildSettings = {
				ALWAYS_EMBED_SWIFT_STANDARD_LIBRARIES = YES;
				BUNDLE_LOADER = "$(TEST_HOST)";
				CODE_SIGN_STYLE = Automatic;
				DEVELOPMENT_TEAM = 373U5VR954;
				INFOPLIST_FILE = JealousPartnerTests/Info.plist;
				LD_RUNPATH_SEARCH_PATHS = (
					"$(inherited)",
					"@executable_path/Frameworks",
					"@loader_path/Frameworks",
				);
				PRODUCT_BUNDLE_IDENTIFIER = br.pucpr.JealousPartnerTests;
				PRODUCT_NAME = "$(TARGET_NAME)";
				SWIFT_VERSION = 5.0;
				TARGETED_DEVICE_FAMILY = "1,2";
				TEST_HOST = "$(BUILT_PRODUCTS_DIR)/JealousPartner.app/JealousPartner";
			};
			name = Release;
		};
		7ABC2E60227B254A00D204B2 /* Debug */ = {
			isa = XCBuildConfiguration;
			buildSettings = {
				ALWAYS_EMBED_SWIFT_STANDARD_LIBRARIES = YES;
				CODE_SIGN_STYLE = Automatic;
				DEVELOPMENT_TEAM = 373U5VR954;
				INFOPLIST_FILE = JealousPartnerUITests/Info.plist;
				LD_RUNPATH_SEARCH_PATHS = (
					"$(inherited)",
					"@executable_path/Frameworks",
					"@loader_path/Frameworks",
				);
				PRODUCT_BUNDLE_IDENTIFIER = br.pucpr.JealousPartnerUITests;
				PRODUCT_NAME = "$(TARGET_NAME)";
				SWIFT_VERSION = 5.0;
				TARGETED_DEVICE_FAMILY = "1,2";
				TEST_TARGET_NAME = JealousPartner;
			};
			name = Debug;
		};
		7ABC2E61227B254A00D204B2 /* Release */ = {
			isa = XCBuildConfiguration;
			buildSettings = {
				ALWAYS_EMBED_SWIFT_STANDARD_LIBRARIES = YES;
				CODE_SIGN_STYLE = Automatic;
				DEVELOPMENT_TEAM = 373U5VR954;
				INFOPLIST_FILE = JealousPartnerUITests/Info.plist;
				LD_RUNPATH_SEARCH_PATHS = (
					"$(inherited)",
					"@executable_path/Frameworks",
					"@loader_path/Frameworks",
				);
				PRODUCT_BUNDLE_IDENTIFIER = br.pucpr.JealousPartnerUITests;
				PRODUCT_NAME = "$(TARGET_NAME)";
				SWIFT_VERSION = 5.0;
				TARGETED_DEVICE_FAMILY = "1,2";
				TEST_TARGET_NAME = JealousPartner;
			};
			name = Release;
		};
/* End XCBuildConfiguration section */

/* Begin XCConfigurationList section */
		7ABC2E2C227B254700D204B2 /* Build configuration list for PBXProject "JealousPartner" */ = {
			isa = XCConfigurationList;
			buildConfigurations = (
				7ABC2E57227B254A00D204B2 /* Debug */,
				7ABC2E58227B254A00D204B2 /* Release */,
			);
			defaultConfigurationIsVisible = 0;
			defaultConfigurationName = Release;
		};
		7ABC2E59227B254A00D204B2 /* Build configuration list for PBXNativeTarget "JealousPartner" */ = {
			isa = XCConfigurationList;
			buildConfigurations = (
				7ABC2E5A227B254A00D204B2 /* Debug */,
				7ABC2E5B227B254A00D204B2 /* Release */,
			);
			defaultConfigurationIsVisible = 0;
			defaultConfigurationName = Release;
		};
		7ABC2E5C227B254A00D204B2 /* Build configuration list for PBXNativeTarget "JealousPartnerTests" */ = {
			isa = XCConfigurationList;
			buildConfigurations = (
				7ABC2E5D227B254A00D204B2 /* Debug */,
				7ABC2E5E227B254A00D204B2 /* Release */,
			);
			defaultConfigurationIsVisible = 0;
			defaultConfigurationName = Release;
		};
		7ABC2E5F227B254A00D204B2 /* Build configuration list for PBXNativeTarget "JealousPartnerUITests" */ = {
			isa = XCConfigurationList;
			buildConfigurations = (
				7ABC2E60227B254A00D204B2 /* Debug */,
				7ABC2E61227B254A00D204B2 /* Release */,
			);
			defaultConfigurationIsVisible = 0;
			defaultConfigurationName = Release;
		};
/* End XCConfigurationList section */
	};
	rootObject = 7ABC2E29227B254700D204B2 /* Project object */;
}
