// !$*UTF8*$!
{
	archiveVersion = 1;
	classes = {
	};
	objectVersion = 50;
	objects = {

/* Begin PBXBuildFile section */
		7A115ED92561E1B800A4EF73 /* LicensesViewController.swift in Sources */ = {isa = PBXBuildFile; fileRef = 7A115ED82561E1B800A4EF73 /* LicensesViewController.swift */; };
		7A115EDD2561E1C300A4EF73 /* Licenses.storyboard in Resources */ = {isa = PBXBuildFile; fileRef = 7A115EDC2561E1C300A4EF73 /* Licenses.storyboard */; };
		7A115EEB2561EC1F00A4EF73 /* demo-track.mp3 in Resources */ = {isa = PBXBuildFile; fileRef = 7A115EEA2561EC1F00A4EF73 /* demo-track.mp3 */; };
		7A29EF282561D29E003A3AB4 /* ContactUsRow.swift in Sources */ = {isa = PBXBuildFile; fileRef = 7A29EF272561D29E003A3AB4 /* ContactUsRow.swift */; };
		7A29EF302561D3F8003A3AB4 /* LicensesRow.swift in Sources */ = {isa = PBXBuildFile; fileRef = 7A29EF2F2561D3F8003A3AB4 /* LicensesRow.swift */; };
		7A29EF362561D4AD003A3AB4 /* SettingsTableViewRow.swift in Sources */ = {isa = PBXBuildFile; fileRef = 7A29EF352561D4AD003A3AB4 /* SettingsTableViewRow.swift */; };
		7A29EF3A2561D4AE003A3AB4 /* SettingsTableViewSection.swift in Sources */ = {isa = PBXBuildFile; fileRef = 7A29EF392561D4AE003A3AB4 /* SettingsTableViewSection.swift */; };
		7A29EF482561D58E003A3AB4 /* TutorialSection.swift in Sources */ = {isa = PBXBuildFile; fileRef = 7A29EF472561D58E003A3AB4 /* TutorialSection.swift */; };
		7A29EF4C2561D5BB003A3AB4 /* HowItWorksRow.swift in Sources */ = {isa = PBXBuildFile; fileRef = 7A29EF4B2561D5BB003A3AB4 /* HowItWorksRow.swift */; };
		7A29EF522561D7D3003A3AB4 /* AddExtensionToFavorites.swift in Sources */ = {isa = PBXBuildFile; fileRef = 7A29EF512561D7D3003A3AB4 /* AddExtensionToFavorites.swift */; };
		7A48239A2577DB0A00DB2643 /* NativeTranscriptor.swift in Sources */ = {isa = PBXBuildFile; fileRef = 7A4823992577DB0A00DB2643 /* NativeTranscriptor.swift */; };
		7A48239B2577DB0A00DB2643 /* NativeTranscriptor.swift in Sources */ = {isa = PBXBuildFile; fileRef = 7A4823992577DB0A00DB2643 /* NativeTranscriptor.swift */; };
		7A48239F2577DB8B00DB2643 /* TranscriptorProtocol.swift in Sources */ = {isa = PBXBuildFile; fileRef = 7A48239E2577DB8B00DB2643 /* TranscriptorProtocol.swift */; };
		7A4823A02577DB8B00DB2643 /* TranscriptorProtocol.swift in Sources */ = {isa = PBXBuildFile; fileRef = 7A48239E2577DB8B00DB2643 /* TranscriptorProtocol.swift */; };
		7A4823A925781BBF00DB2643 /* PlayerViewController.swift in Sources */ = {isa = PBXBuildFile; fileRef = 7ACA841C254BC330000FCD3C /* PlayerViewController.swift */; };
		7A818A812561F77900ACD1C8 /* BasicRow.swift in Sources */ = {isa = PBXBuildFile; fileRef = 7A818A802561F77900ACD1C8 /* BasicRow.swift */; };
		7ACA8400254BC20A000FCD3C /* AppDelegate.swift in Sources */ = {isa = PBXBuildFile; fileRef = 7ACA83FF254BC20A000FCD3C /* AppDelegate.swift */; };
		7ACA8402254BC20A000FCD3C /* SceneDelegate.swift in Sources */ = {isa = PBXBuildFile; fileRef = 7ACA8401254BC20A000FCD3C /* SceneDelegate.swift */; };
		7ACA8407254BC20A000FCD3C /* Settings.storyboard in Resources */ = {isa = PBXBuildFile; fileRef = 7ACA8405254BC20A000FCD3C /* Settings.storyboard */; };
		7ACA8409254BC20C000FCD3C /* Assets.xcassets in Resources */ = {isa = PBXBuildFile; fileRef = 7ACA8408254BC20C000FCD3C /* Assets.xcassets */; };
		7ACA840C254BC20C000FCD3C /* LaunchScreen.storyboard in Resources */ = {isa = PBXBuildFile; fileRef = 7ACA840A254BC20C000FCD3C /* LaunchScreen.storyboard */; };
		7ACBF3C72577C22B000B3417 /* Logger.swift in Sources */ = {isa = PBXBuildFile; fileRef = 7ACBF3C62577C22B000B3417 /* Logger.swift */; };
		7ACBF3CC2577C4C9000B3417 /* Logger.swift in Sources */ = {isa = PBXBuildFile; fileRef = 7ACBF3C62577C22B000B3417 /* Logger.swift */; };
		7AE80F0A25615B84000E22DA /* Media.xcassets in Resources */ = {isa = PBXBuildFile; fileRef = 7AE80F0925615B84000E22DA /* Media.xcassets */; };
		7AE80F1325615B84000E22DA /* action.appex in Embed App Extensions */ = {isa = PBXBuildFile; fileRef = 7AE80F0725615B84000E22DA /* action.appex */; settings = {ATTRIBUTES = (RemoveHeadersOnCopy, ); }; };
		7AE80F2625615E21000E22DA /* Player.storyboard in Resources */ = {isa = PBXBuildFile; fileRef = 7ACA841E254BC330000FCD3C /* Player.storyboard */; };
		7AE80F2A25615E24000E22DA /* PlayerViewController.swift in Sources */ = {isa = PBXBuildFile; fileRef = 7ACA841C254BC330000FCD3C /* PlayerViewController.swift */; };
		7AE80F2E25615E46000E22DA /* PlayerObserverProtocol.swift in Sources */ = {isa = PBXBuildFile; fileRef = 7AEA52DA2554B7A200A624FE /* PlayerObserverProtocol.swift */; };
		7AE80F3225615E49000E22DA /* AudioPlayer.swift in Sources */ = {isa = PBXBuildFile; fileRef = 7AEA52E32554B9F400A624FE /* AudioPlayer.swift */; };
		7AE80F3625615E4C000E22DA /* Extensions.swift in Sources */ = {isa = PBXBuildFile; fileRef = 7AEA52E92554C29E00A624FE /* Extensions.swift */; };
		7AE80F562561A15A000E22DA /* SettingsTableViewController.swift in Sources */ = {isa = PBXBuildFile; fileRef = 7AE80F552561A15A000E22DA /* SettingsTableViewController.swift */; };
		7AE80F732561A749000E22DA /* SettingsTableViewModel.swift in Sources */ = {isa = PBXBuildFile; fileRef = 7AE80F722561A749000E22DA /* SettingsTableViewModel.swift */; };
		7AE80F832561BFEA000E22DA /* HelpSection.swift in Sources */ = {isa = PBXBuildFile; fileRef = 7AE80F822561BFEA000E22DA /* HelpSection.swift */; };
		7AE80F882561C0AC000E22DA /* PrivacyPolicyRow.swift in Sources */ = {isa = PBXBuildFile; fileRef = 7AE80F872561C0AC000E22DA /* PrivacyPolicyRow.swift */; };
		7AE80F9C2561C759000E22DA /* BasicTableViewCell.swift in Sources */ = {isa = PBXBuildFile; fileRef = 7AE80F9A2561C759000E22DA /* BasicTableViewCell.swift */; };
		7AE80F9D2561C759000E22DA /* BasicTableViewCell.xib in Resources */ = {isa = PBXBuildFile; fileRef = 7AE80F9B2561C759000E22DA /* BasicTableViewCell.xib */; };
		7AEA52DB2554B7A200A624FE /* PlayerObserverProtocol.swift in Sources */ = {isa = PBXBuildFile; fileRef = 7AEA52DA2554B7A200A624FE /* PlayerObserverProtocol.swift */; };
		7AEA52E42554B9F400A624FE /* AudioPlayer.swift in Sources */ = {isa = PBXBuildFile; fileRef = 7AEA52E32554B9F400A624FE /* AudioPlayer.swift */; };
		7AEA52EA2554C29E00A624FE /* Extensions.swift in Sources */ = {isa = PBXBuildFile; fileRef = 7AEA52E92554C29E00A624FE /* Extensions.swift */; };
		D727623E25620179001707F5 /* TXTabBarController.swift in Sources */ = {isa = PBXBuildFile; fileRef = D727623D25620179001707F5 /* TXTabBarController.swift */; };
		D7276242256201AD001707F5 /* TXTutorialView.swift in Sources */ = {isa = PBXBuildFile; fileRef = D7276241256201AD001707F5 /* TXTutorialView.swift */; };
		D727625225620EE5001707F5 /* TXTutorialStepViewController.swift in Sources */ = {isa = PBXBuildFile; fileRef = D727625125620EE5001707F5 /* TXTutorialStepViewController.swift */; };
		D727625E25620F67001707F5 /* TXVideoView.swift in Sources */ = {isa = PBXBuildFile; fileRef = D727625D25620F67001707F5 /* TXVideoView.swift */; };
		D727626225620FB6001707F5 /* TXVideoManager.swift in Sources */ = {isa = PBXBuildFile; fileRef = D727626125620FB6001707F5 /* TXVideoManager.swift */; };
		D77E23782562154E00454A92 /* TXTutorialViewController.swift in Sources */ = {isa = PBXBuildFile; fileRef = D77E23772562154E00454A92 /* TXTutorialViewController.swift */; };
		D77E237C2562176500454A92 /* demo.MP4 in Resources */ = {isa = PBXBuildFile; fileRef = D77E237B2562176500454A92 /* demo.MP4 */; };
/* End PBXBuildFile section */

/* Begin PBXContainerItemProxy section */
		7AE80F1125615B84000E22DA /* PBXContainerItemProxy */ = {
			isa = PBXContainerItemProxy;
			containerPortal = 7ACA83F4254BC20A000FCD3C /* Project object */;
			proxyType = 1;
			remoteGlobalIDString = 7AE80F0625615B84000E22DA;
			remoteInfo = action;
		};
/* End PBXContainerItemProxy section */

/* Begin PBXCopyFilesBuildPhase section */
		7ACA8428254BC330000FCD3C /* Embed App Extensions */ = {
			isa = PBXCopyFilesBuildPhase;
			buildActionMask = 2147483647;
			dstPath = "";
			dstSubfolderSpec = 13;
			files = (
				7AE80F1325615B84000E22DA /* action.appex in Embed App Extensions */,
			);
			name = "Embed App Extensions";
			runOnlyForDeploymentPostprocessing = 0;
		};
/* End PBXCopyFilesBuildPhase section */

/* Begin PBXFileReference section */
		7A115ED82561E1B800A4EF73 /* LicensesViewController.swift */ = {isa = PBXFileReference; lastKnownFileType = sourcecode.swift; path = LicensesViewController.swift; sourceTree = "<group>"; };
		7A115EDC2561E1C300A4EF73 /* Licenses.storyboard */ = {isa = PBXFileReference; lastKnownFileType = file.storyboard; path = Licenses.storyboard; sourceTree = "<group>"; };
		7A115EEA2561EC1F00A4EF73 /* demo-track.mp3 */ = {isa = PBXFileReference; lastKnownFileType = audio.mp3; path = "demo-track.mp3"; sourceTree = "<group>"; };
		7A29EF272561D29E003A3AB4 /* ContactUsRow.swift */ = {isa = PBXFileReference; lastKnownFileType = sourcecode.swift; path = ContactUsRow.swift; sourceTree = "<group>"; };
		7A29EF2F2561D3F8003A3AB4 /* LicensesRow.swift */ = {isa = PBXFileReference; lastKnownFileType = sourcecode.swift; path = LicensesRow.swift; sourceTree = "<group>"; };
		7A29EF352561D4AD003A3AB4 /* SettingsTableViewRow.swift */ = {isa = PBXFileReference; lastKnownFileType = sourcecode.swift; path = SettingsTableViewRow.swift; sourceTree = "<group>"; };
		7A29EF392561D4AE003A3AB4 /* SettingsTableViewSection.swift */ = {isa = PBXFileReference; lastKnownFileType = sourcecode.swift; path = SettingsTableViewSection.swift; sourceTree = "<group>"; };
		7A29EF472561D58E003A3AB4 /* TutorialSection.swift */ = {isa = PBXFileReference; lastKnownFileType = sourcecode.swift; path = TutorialSection.swift; sourceTree = "<group>"; };
		7A29EF4B2561D5BB003A3AB4 /* HowItWorksRow.swift */ = {isa = PBXFileReference; lastKnownFileType = sourcecode.swift; path = HowItWorksRow.swift; sourceTree = "<group>"; };
		7A29EF512561D7D3003A3AB4 /* AddExtensionToFavorites.swift */ = {isa = PBXFileReference; lastKnownFileType = sourcecode.swift; path = AddExtensionToFavorites.swift; sourceTree = "<group>"; };
		7A4823992577DB0A00DB2643 /* NativeTranscriptor.swift */ = {isa = PBXFileReference; lastKnownFileType = sourcecode.swift; path = NativeTranscriptor.swift; sourceTree = "<group>"; };
		7A48239E2577DB8B00DB2643 /* TranscriptorProtocol.swift */ = {isa = PBXFileReference; lastKnownFileType = sourcecode.swift; path = TranscriptorProtocol.swift; sourceTree = "<group>"; };
		7A818A802561F77900ACD1C8 /* BasicRow.swift */ = {isa = PBXFileReference; fileEncoding = 4; lastKnownFileType = sourcecode.swift; path = BasicRow.swift; sourceTree = "<group>"; };
		7ACA83FC254BC20A000FCD3C /* 2xSpeedAudio.app */ = {isa = PBXFileReference; explicitFileType = wrapper.application; includeInIndex = 0; path = 2xSpeedAudio.app; sourceTree = BUILT_PRODUCTS_DIR; };
		7ACA83FF254BC20A000FCD3C /* AppDelegate.swift */ = {isa = PBXFileReference; lastKnownFileType = sourcecode.swift; path = AppDelegate.swift; sourceTree = "<group>"; };
		7ACA8401254BC20A000FCD3C /* SceneDelegate.swift */ = {isa = PBXFileReference; lastKnownFileType = sourcecode.swift; path = SceneDelegate.swift; sourceTree = "<group>"; };
		7ACA8406254BC20A000FCD3C /* Base */ = {isa = PBXFileReference; lastKnownFileType = file.storyboard; name = Base; path = Base.lproj/Settings.storyboard; sourceTree = "<group>"; };
		7ACA8408254BC20C000FCD3C /* Assets.xcassets */ = {isa = PBXFileReference; lastKnownFileType = folder.assetcatalog; path = Assets.xcassets; sourceTree = "<group>"; };
		7ACA840B254BC20C000FCD3C /* Base */ = {isa = PBXFileReference; lastKnownFileType = file.storyboard; name = Base; path = Base.lproj/LaunchScreen.storyboard; sourceTree = "<group>"; };
		7ACA840D254BC20C000FCD3C /* Info.plist */ = {isa = PBXFileReference; lastKnownFileType = text.plist.xml; path = Info.plist; sourceTree = "<group>"; };
		7ACA841C254BC330000FCD3C /* PlayerViewController.swift */ = {isa = PBXFileReference; lastKnownFileType = sourcecode.swift; path = PlayerViewController.swift; sourceTree = "<group>"; };
		7ACA841F254BC330000FCD3C /* Base */ = {isa = PBXFileReference; lastKnownFileType = file.storyboard; name = Base; path = Base.lproj/Player.storyboard; sourceTree = "<group>"; };
		7ACBF3C62577C22B000B3417 /* Logger.swift */ = {isa = PBXFileReference; lastKnownFileType = sourcecode.swift; path = Logger.swift; sourceTree = "<group>"; };
		7AE80F0725615B84000E22DA /* action.appex */ = {isa = PBXFileReference; explicitFileType = "wrapper.app-extension"; includeInIndex = 0; path = action.appex; sourceTree = BUILT_PRODUCTS_DIR; };
		7AE80F0925615B84000E22DA /* Media.xcassets */ = {isa = PBXFileReference; lastKnownFileType = folder.assetcatalog; path = Media.xcassets; sourceTree = "<group>"; };
		7AE80F1025615B84000E22DA /* Info.plist */ = {isa = PBXFileReference; lastKnownFileType = text.plist.xml; path = Info.plist; sourceTree = "<group>"; };
		7AE80F552561A15A000E22DA /* SettingsTableViewController.swift */ = {isa = PBXFileReference; lastKnownFileType = sourcecode.swift; path = SettingsTableViewController.swift; sourceTree = "<group>"; };
		7AE80F722561A749000E22DA /* SettingsTableViewModel.swift */ = {isa = PBXFileReference; lastKnownFileType = sourcecode.swift; path = SettingsTableViewModel.swift; sourceTree = "<group>"; };
		7AE80F822561BFEA000E22DA /* HelpSection.swift */ = {isa = PBXFileReference; lastKnownFileType = sourcecode.swift; path = HelpSection.swift; sourceTree = "<group>"; };
		7AE80F872561C0AC000E22DA /* PrivacyPolicyRow.swift */ = {isa = PBXFileReference; lastKnownFileType = sourcecode.swift; path = PrivacyPolicyRow.swift; sourceTree = "<group>"; };
		7AE80F9A2561C759000E22DA /* BasicTableViewCell.swift */ = {isa = PBXFileReference; lastKnownFileType = sourcecode.swift; path = BasicTableViewCell.swift; sourceTree = "<group>"; };
		7AE80F9B2561C759000E22DA /* BasicTableViewCell.xib */ = {isa = PBXFileReference; lastKnownFileType = file.xib; path = BasicTableViewCell.xib; sourceTree = "<group>"; };
		7AEA52DA2554B7A200A624FE /* PlayerObserverProtocol.swift */ = {isa = PBXFileReference; lastKnownFileType = sourcecode.swift; path = PlayerObserverProtocol.swift; sourceTree = "<group>"; };
		7AEA52E32554B9F400A624FE /* AudioPlayer.swift */ = {isa = PBXFileReference; lastKnownFileType = sourcecode.swift; path = AudioPlayer.swift; sourceTree = "<group>"; };
		7AEA52E92554C29E00A624FE /* Extensions.swift */ = {isa = PBXFileReference; lastKnownFileType = sourcecode.swift; path = Extensions.swift; sourceTree = "<group>"; };
		D727623D25620179001707F5 /* TXTabBarController.swift */ = {isa = PBXFileReference; lastKnownFileType = sourcecode.swift; path = TXTabBarController.swift; sourceTree = "<group>"; };
		D7276241256201AD001707F5 /* TXTutorialView.swift */ = {isa = PBXFileReference; lastKnownFileType = sourcecode.swift; path = TXTutorialView.swift; sourceTree = "<group>"; };
		D727625125620EE5001707F5 /* TXTutorialStepViewController.swift */ = {isa = PBXFileReference; lastKnownFileType = sourcecode.swift; path = TXTutorialStepViewController.swift; sourceTree = "<group>"; };
		D727625D25620F67001707F5 /* TXVideoView.swift */ = {isa = PBXFileReference; lastKnownFileType = sourcecode.swift; path = TXVideoView.swift; sourceTree = "<group>"; };
		D727626125620FB6001707F5 /* TXVideoManager.swift */ = {isa = PBXFileReference; lastKnownFileType = sourcecode.swift; path = TXVideoManager.swift; sourceTree = "<group>"; };
		D77E23772562154E00454A92 /* TXTutorialViewController.swift */ = {isa = PBXFileReference; lastKnownFileType = sourcecode.swift; path = TXTutorialViewController.swift; sourceTree = "<group>"; };
		D77E237B2562176500454A92 /* demo.MP4 */ = {isa = PBXFileReference; lastKnownFileType = file; path = demo.MP4; sourceTree = "<group>"; };
/* End PBXFileReference section */

/* Begin PBXFrameworksBuildPhase section */
		7ACA83F9254BC20A000FCD3C /* Frameworks */ = {
			isa = PBXFrameworksBuildPhase;
			buildActionMask = 2147483647;
			files = (
			);
			runOnlyForDeploymentPostprocessing = 0;
		};
		7AE80F0425615B84000E22DA /* Frameworks */ = {
			isa = PBXFrameworksBuildPhase;
			buildActionMask = 2147483647;
			files = (
			);
			runOnlyForDeploymentPostprocessing = 0;
		};
/* End PBXFrameworksBuildPhase section */

/* Begin PBXGroup section */
		7A115ED52561E1A100A4EF73 /* Licenses */ = {
			isa = PBXGroup;
			children = (
				7A29EF2F2561D3F8003A3AB4 /* LicensesRow.swift */,
				7A115ED82561E1B800A4EF73 /* LicensesViewController.swift */,
				7A115EDC2561E1C300A4EF73 /* Licenses.storyboard */,
			);
			path = Licenses;
			sourceTree = "<group>";
		};
		7A115EE72561E92800A4EF73 /* Add Extension To Favorites */ = {
			isa = PBXGroup;
			children = (
				7A115EEA2561EC1F00A4EF73 /* demo-track.mp3 */,
				7A29EF512561D7D3003A3AB4 /* AddExtensionToFavorites.swift */,
			);
			path = "Add Extension To Favorites";
			sourceTree = "<group>";
		};
		7A1441D72577CBC5009FD5A6 /* Settings */ = {
			isa = PBXGroup;
			children = (
				7AE80F952561C4EE000E22DA /* Core */,
				7AE80F7D2561B22D000E22DA /* Help */,
				7AE80F7C2561B227000E22DA /* Tutorial */,
			);
			path = Settings;
			sourceTree = "<group>";
		};
		7A29BE28255A086600B34D8D /* LaunchScreen */ = {
			isa = PBXGroup;
			children = (
				7ACA840A254BC20C000FCD3C /* LaunchScreen.storyboard */,
			);
			path = LaunchScreen;
			sourceTree = "<group>";
		};
		7A29EF412561D4E4003A3AB4 /* View */ = {
			isa = PBXGroup;
			children = (
				7AE80F552561A15A000E22DA /* SettingsTableViewController.swift */,
				7ACA8405254BC20A000FCD3C /* Settings.storyboard */,
			);
			path = View;
			sourceTree = "<group>";
		};
		7A29EF442561D56C003A3AB4 /* Model */ = {
			isa = PBXGroup;
			children = (
				7AE80F722561A749000E22DA /* SettingsTableViewModel.swift */,
				7A29EF392561D4AE003A3AB4 /* SettingsTableViewSection.swift */,
				7A29EF352561D4AD003A3AB4 /* SettingsTableViewRow.swift */,
			);
			path = Model;
			sourceTree = "<group>";
		};
		7A48238E2577D9CF00DB2643 /* Transcriptor */ = {
			isa = PBXGroup;
			children = (
				7A48239E2577DB8B00DB2643 /* TranscriptorProtocol.swift */,
				7A4823992577DB0A00DB2643 /* NativeTranscriptor.swift */,
			);
			path = Transcriptor;
			sourceTree = "<group>";
		};
		7ACA83F3254BC20A000FCD3C = {
			isa = PBXGroup;
			children = (
				7ACA83FE254BC20A000FCD3C /* 2xSpeedAudio */,
				7AE80F0825615B84000E22DA /* action */,
				7ACA83FD254BC20A000FCD3C /* Products */,
			);
			sourceTree = "<group>";
		};
		7ACA83FD254BC20A000FCD3C /* Products */ = {
			isa = PBXGroup;
			children = (
				7ACA83FC254BC20A000FCD3C /* 2xSpeedAudio.app */,
				7AE80F0725615B84000E22DA /* action.appex */,
			);
			name = Products;
			sourceTree = "<group>";
		};
		7ACA83FE254BC20A000FCD3C /* 2xSpeedAudio */ = {
			isa = PBXGroup;
			children = (
				7ACBF3C52577C217000B3417 /* Logger */,
				7AEA52EE2554C61000A624FE /* Audio Player */,
				7A48238E2577D9CF00DB2643 /* Transcriptor */,
				7AEA52E82554C27900A624FE /* Extensions */,
				7A29BE28255A086600B34D8D /* LaunchScreen */,
				7AE80F692561A446000E22DA /* Main */,
				7A1441D72577CBC5009FD5A6 /* Settings */,
				D727625025620ED2001707F5 /* Tutorial */,
				7ACA83FF254BC20A000FCD3C /* AppDelegate.swift */,
				7ACA8401254BC20A000FCD3C /* SceneDelegate.swift */,
				7ACA8408254BC20C000FCD3C /* Assets.xcassets */,
				7ACA840D254BC20C000FCD3C /* Info.plist */,
			);
			path = 2xSpeedAudio;
			sourceTree = "<group>";
		};
		7ACBF3C52577C217000B3417 /* Logger */ = {
			isa = PBXGroup;
			children = (
				7ACBF3C62577C22B000B3417 /* Logger.swift */,
			);
			path = Logger;
			sourceTree = "<group>";
		};
		7AE80F0825615B84000E22DA /* action */ = {
			isa = PBXGroup;
			children = (
				7ACA841C254BC330000FCD3C /* PlayerViewController.swift */,
				7ACA841E254BC330000FCD3C /* Player.storyboard */,
				7AE80F0925615B84000E22DA /* Media.xcassets */,
				7AE80F1025615B84000E22DA /* Info.plist */,
			);
			path = action;
			sourceTree = "<group>";
		};
		7AE80F692561A446000E22DA /* Main */ = {
			isa = PBXGroup;
			children = (
				D727623D25620179001707F5 /* TXTabBarController.swift */,
			);
			path = Main;
			sourceTree = "<group>";
		};
		7AE80F7C2561B227000E22DA /* Tutorial */ = {
			isa = PBXGroup;
			children = (
				7A29EF472561D58E003A3AB4 /* TutorialSection.swift */,
				7A818A802561F77900ACD1C8 /* BasicRow.swift */,
				7A29EF4B2561D5BB003A3AB4 /* HowItWorksRow.swift */,
				7A115EE72561E92800A4EF73 /* Add Extension To Favorites */,
			);
			path = Tutorial;
			sourceTree = "<group>";
		};
		7AE80F7D2561B22D000E22DA /* Help */ = {
			isa = PBXGroup;
			children = (
				7AE80F822561BFEA000E22DA /* HelpSection.swift */,
				7A29EF272561D29E003A3AB4 /* ContactUsRow.swift */,
				7AE80F872561C0AC000E22DA /* PrivacyPolicyRow.swift */,
				7A115ED52561E1A100A4EF73 /* Licenses */,
			);
			path = Help;
			sourceTree = "<group>";
		};
		7AE80F952561C4EE000E22DA /* Core */ = {
			isa = PBXGroup;
			children = (
				7A29EF412561D4E4003A3AB4 /* View */,
				7A29EF442561D56C003A3AB4 /* Model */,
				7AE80FA02561C970000E22DA /* Cells */,
			);
			path = Core;
			sourceTree = "<group>";
		};
		7AE80FA02561C970000E22DA /* Cells */ = {
			isa = PBXGroup;
			children = (
				7AE80FA12561C97B000E22DA /* Basic */,
			);
			path = Cells;
			sourceTree = "<group>";
		};
		7AE80FA12561C97B000E22DA /* Basic */ = {
			isa = PBXGroup;
			children = (
				7AE80F9A2561C759000E22DA /* BasicTableViewCell.swift */,
				7AE80F9B2561C759000E22DA /* BasicTableViewCell.xib */,
			);
			path = Basic;
			sourceTree = "<group>";
		};
		7AEA52E82554C27900A624FE /* Extensions */ = {
			isa = PBXGroup;
			children = (
				7AEA52E92554C29E00A624FE /* Extensions.swift */,
			);
			path = Extensions;
			sourceTree = "<group>";
		};
		7AEA52EE2554C61000A624FE /* Audio Player */ = {
			isa = PBXGroup;
			children = (
				7AEA52DA2554B7A200A624FE /* PlayerObserverProtocol.swift */,
				7AEA52E32554B9F400A624FE /* AudioPlayer.swift */,
			);
			path = "Audio Player";
			sourceTree = "<group>";
		};
		D7276245256207B4001707F5 /* movies */ = {
			isa = PBXGroup;
			children = (
				D77E237B2562176500454A92 /* demo.MP4 */,
			);
			path = movies;
			sourceTree = "<group>";
		};
		D727625025620ED2001707F5 /* Tutorial */ = {
			isa = PBXGroup;
			children = (
				D77E23742562150900454A92 /* controller */,
				D77E23732562150200454A92 /* view */,
				D77E2372256214F800454A92 /* model */,
			);
			path = Tutorial;
			sourceTree = "<group>";
		};
		D77E2372256214F800454A92 /* model */ = {
			isa = PBXGroup;
			children = (
				D7276245256207B4001707F5 /* movies */,
				D727626125620FB6001707F5 /* TXVideoManager.swift */,
			);
			path = model;
			sourceTree = "<group>";
		};
		D77E23732562150200454A92 /* view */ = {
			isa = PBXGroup;
			children = (
				D727625D25620F67001707F5 /* TXVideoView.swift */,
				D7276241256201AD001707F5 /* TXTutorialView.swift */,
			);
			path = view;
			sourceTree = "<group>";
		};
		D77E23742562150900454A92 /* controller */ = {
			isa = PBXGroup;
			children = (
				D727625125620EE5001707F5 /* TXTutorialStepViewController.swift */,
				D77E23772562154E00454A92 /* TXTutorialViewController.swift */,
			);
			path = controller;
			sourceTree = "<group>";
		};
/* End PBXGroup section */

/* Begin PBXNativeTarget section */
		7ACA83FB254BC20A000FCD3C /* 2xSpeedAudio */ = {
			isa = PBXNativeTarget;
			buildConfigurationList = 7ACA8410254BC20C000FCD3C /* Build configuration list for PBXNativeTarget "2xSpeedAudio" */;
			buildPhases = (
				7ACA83F8254BC20A000FCD3C /* Sources */,
				7ACA83F9254BC20A000FCD3C /* Frameworks */,
				7ACA83FA254BC20A000FCD3C /* Resources */,
				7ACA8428254BC330000FCD3C /* Embed App Extensions */,
			);
			buildRules = (
			);
			dependencies = (
				7AE80F1225615B84000E22DA /* PBXTargetDependency */,
			);
			name = 2xSpeedAudio;
			productName = 2xSpeedAudio;
			productReference = 7ACA83FC254BC20A000FCD3C /* 2xSpeedAudio.app */;
			productType = "com.apple.product-type.application";
		};
		7AE80F0625615B84000E22DA /* action */ = {
			isa = PBXNativeTarget;
			buildConfigurationList = 7AE80F1625615B84000E22DA /* Build configuration list for PBXNativeTarget "action" */;
			buildPhases = (
				7AE80F0325615B84000E22DA /* Sources */,
				7AE80F0425615B84000E22DA /* Frameworks */,
				7AE80F0525615B84000E22DA /* Resources */,
			);
			buildRules = (
			);
			dependencies = (
			);
			name = action;
			productName = action;
			productReference = 7AE80F0725615B84000E22DA /* action.appex */;
			productType = "com.apple.product-type.app-extension";
		};
/* End PBXNativeTarget section */

/* Begin PBXProject section */
		7ACA83F4254BC20A000FCD3C /* Project object */ = {
			isa = PBXProject;
			attributes = {
				LastSwiftUpdateCheck = 1220;
				LastUpgradeCheck = 1210;
				TargetAttributes = {
					7ACA83FB254BC20A000FCD3C = {
						CreatedOnToolsVersion = 12.1;
					};
					7AE80F0625615B84000E22DA = {
						CreatedOnToolsVersion = 12.2;
					};
				};
			};
			buildConfigurationList = 7ACA83F7254BC20A000FCD3C /* Build configuration list for PBXProject "2xSpeedAudio" */;
			compatibilityVersion = "Xcode 9.3";
			developmentRegion = en;
			hasScannedForEncodings = 0;
			knownRegions = (
				en,
				Base,
			);
			mainGroup = 7ACA83F3254BC20A000FCD3C;
			productRefGroup = 7ACA83FD254BC20A000FCD3C /* Products */;
			projectDirPath = "";
			projectRoot = "";
			targets = (
				7ACA83FB254BC20A000FCD3C /* 2xSpeedAudio */,
				7AE80F0625615B84000E22DA /* action */,
			);
		};
/* End PBXProject section */

/* Begin PBXResourcesBuildPhase section */
		7ACA83FA254BC20A000FCD3C /* Resources */ = {
			isa = PBXResourcesBuildPhase;
			buildActionMask = 2147483647;
			files = (
				7AE80F9D2561C759000E22DA /* BasicTableViewCell.xib in Resources */,
				7A115EEB2561EC1F00A4EF73 /* demo-track.mp3 in Resources */,
				7ACA840C254BC20C000FCD3C /* LaunchScreen.storyboard in Resources */,
				7A115EDD2561E1C300A4EF73 /* Licenses.storyboard in Resources */,
				7ACA8409254BC20C000FCD3C /* Assets.xcassets in Resources */,
				7ACA8407254BC20A000FCD3C /* Settings.storyboard in Resources */,
				D77E237C2562176500454A92 /* demo.MP4 in Resources */,
			);
			runOnlyForDeploymentPostprocessing = 0;
		};
		7AE80F0525615B84000E22DA /* Resources */ = {
			isa = PBXResourcesBuildPhase;
			buildActionMask = 2147483647;
			files = (
				7AE80F0A25615B84000E22DA /* Media.xcassets in Resources */,
				7AE80F2625615E21000E22DA /* Player.storyboard in Resources */,
			);
			runOnlyForDeploymentPostprocessing = 0;
		};
/* End PBXResourcesBuildPhase section */

/* Begin PBXSourcesBuildPhase section */
		7ACA83F8254BC20A000FCD3C /* Sources */ = {
			isa = PBXSourcesBuildPhase;
			buildActionMask = 2147483647;
			files = (
				7A115ED92561E1B800A4EF73 /* LicensesViewController.swift in Sources */,
				7A29EF3A2561D4AE003A3AB4 /* SettingsTableViewSection.swift in Sources */,
				D727625225620EE5001707F5 /* TXTutorialStepViewController.swift in Sources */,
				7AE80F562561A15A000E22DA /* SettingsTableViewController.swift in Sources */,
				7AE80F732561A749000E22DA /* SettingsTableViewModel.swift in Sources */,
				D727626225620FB6001707F5 /* TXVideoManager.swift in Sources */,
				7AE80F832561BFEA000E22DA /* HelpSection.swift in Sources */,
				7A29EF482561D58E003A3AB4 /* TutorialSection.swift in Sources */,
				7AE80F882561C0AC000E22DA /* PrivacyPolicyRow.swift in Sources */,
				7ACBF3C72577C22B000B3417 /* Logger.swift in Sources */,
				7AE80F9C2561C759000E22DA /* BasicTableViewCell.swift in Sources */,
				7A29EF282561D29E003A3AB4 /* ContactUsRow.swift in Sources */,
				7AEA52DB2554B7A200A624FE /* PlayerObserverProtocol.swift in Sources */,
				7A29EF4C2561D5BB003A3AB4 /* HowItWorksRow.swift in Sources */,
				7A29EF362561D4AD003A3AB4 /* SettingsTableViewRow.swift in Sources */,
				7A29EF302561D3F8003A3AB4 /* LicensesRow.swift in Sources */,
				7A48239F2577DB8B00DB2643 /* TranscriptorProtocol.swift in Sources */,
				7ACA8400254BC20A000FCD3C /* AppDelegate.swift in Sources */,
				D77E23782562154E00454A92 /* TXTutorialViewController.swift in Sources */,
				D727625E25620F67001707F5 /* TXVideoView.swift in Sources */,
				7A818A812561F77900ACD1C8 /* BasicRow.swift in Sources */,
				7AEA52E42554B9F400A624FE /* AudioPlayer.swift in Sources */,
				7ACA8402254BC20A000FCD3C /* SceneDelegate.swift in Sources */,
				7AEA52EA2554C29E00A624FE /* Extensions.swift in Sources */,
				7A29EF522561D7D3003A3AB4 /* AddExtensionToFavorites.swift in Sources */,
				7A48239A2577DB0A00DB2643 /* NativeTranscriptor.swift in Sources */,
				D727623E25620179001707F5 /* TXTabBarController.swift in Sources */,
				D7276242256201AD001707F5 /* TXTutorialView.swift in Sources */,
				7A4823A925781BBF00DB2643 /* PlayerViewController.swift in Sources */,
			);
			runOnlyForDeploymentPostprocessing = 0;
		};
		7AE80F0325615B84000E22DA /* Sources */ = {
			isa = PBXSourcesBuildPhase;
			buildActionMask = 2147483647;
			files = (
				7AE80F3625615E4C000E22DA /* Extensions.swift in Sources */,
				7ACBF3CC2577C4C9000B3417 /* Logger.swift in Sources */,
				7AE80F2A25615E24000E22DA /* PlayerViewController.swift in Sources */,
				7A48239B2577DB0A00DB2643 /* NativeTranscriptor.swift in Sources */,
				7A4823A02577DB8B00DB2643 /* TranscriptorProtocol.swift in Sources */,
				7AE80F2E25615E46000E22DA /* PlayerObserverProtocol.swift in Sources */,
				7AE80F3225615E49000E22DA /* AudioPlayer.swift in Sources */,
			);
			runOnlyForDeploymentPostprocessing = 0;
		};
/* End PBXSourcesBuildPhase section */

/* Begin PBXTargetDependency section */
		7AE80F1225615B84000E22DA /* PBXTargetDependency */ = {
			isa = PBXTargetDependency;
			target = 7AE80F0625615B84000E22DA /* action */;
			targetProxy = 7AE80F1125615B84000E22DA /* PBXContainerItemProxy */;
		};
/* End PBXTargetDependency section */

/* Begin PBXVariantGroup section */
		7ACA8405254BC20A000FCD3C /* Settings.storyboard */ = {
			isa = PBXVariantGroup;
			children = (
				7ACA8406254BC20A000FCD3C /* Base */,
			);
			name = Settings.storyboard;
			sourceTree = "<group>";
		};
		7ACA840A254BC20C000FCD3C /* LaunchScreen.storyboard */ = {
			isa = PBXVariantGroup;
			children = (
				7ACA840B254BC20C000FCD3C /* Base */,
			);
			name = LaunchScreen.storyboard;
			sourceTree = "<group>";
		};
		7ACA841E254BC330000FCD3C /* Player.storyboard */ = {
			isa = PBXVariantGroup;
			children = (
				7ACA841F254BC330000FCD3C /* Base */,
			);
			name = Player.storyboard;
			sourceTree = "<group>";
		};
/* End PBXVariantGroup section */

/* Begin XCBuildConfiguration section */
		7ACA840E254BC20C000FCD3C /* Debug */ = {
			isa = XCBuildConfiguration;
			buildSettings = {
				ALWAYS_SEARCH_USER_PATHS = NO;
				CLANG_ANALYZER_NONNULL = YES;
				CLANG_ANALYZER_NUMBER_OBJECT_CONVERSION = YES_AGGRESSIVE;
				CLANG_CXX_LANGUAGE_STANDARD = "gnu++14";
				CLANG_CXX_LIBRARY = "libc++";
				CLANG_ENABLE_MODULES = YES;
				CLANG_ENABLE_OBJC_ARC = YES;
				CLANG_ENABLE_OBJC_WEAK = YES;
				CLANG_WARN_BLOCK_CAPTURE_AUTORELEASING = YES;
				CLANG_WARN_BOOL_CONVERSION = YES;
				CLANG_WARN_COMMA = YES;
				CLANG_WARN_CONSTANT_CONVERSION = YES;
				CLANG_WARN_DEPRECATED_OBJC_IMPLEMENTATIONS = YES;
				CLANG_WARN_DIRECT_OBJC_ISA_USAGE = YES_ERROR;
				CLANG_WARN_DOCUMENTATION_COMMENTS = YES;
				CLANG_WARN_EMPTY_BODY = YES;
				CLANG_WARN_ENUM_CONVERSION = YES;
				CLANG_WARN_INFINITE_RECURSION = YES;
				CLANG_WARN_INT_CONVERSION = YES;
				CLANG_WARN_NON_LITERAL_NULL_CONVERSION = YES;
				CLANG_WARN_OBJC_IMPLICIT_RETAIN_SELF = YES;
				CLANG_WARN_OBJC_LITERAL_CONVERSION = YES;
				CLANG_WARN_OBJC_ROOT_CLASS = YES_ERROR;
				CLANG_WARN_QUOTED_INCLUDE_IN_FRAMEWORK_HEADER = YES;
				CLANG_WARN_RANGE_LOOP_ANALYSIS = YES;
				CLANG_WARN_STRICT_PROTOTYPES = YES;
				CLANG_WARN_SUSPICIOUS_MOVE = YES;
				CLANG_WARN_UNGUARDED_AVAILABILITY = YES_AGGRESSIVE;
				CLANG_WARN_UNREACHABLE_CODE = YES;
				CLANG_WARN__DUPLICATE_METHOD_MATCH = YES;
				COPY_PHASE_STRIP = NO;
				DEBUG_INFORMATION_FORMAT = dwarf;
				ENABLE_STRICT_OBJC_MSGSEND = YES;
				ENABLE_TESTABILITY = YES;
				GCC_C_LANGUAGE_STANDARD = gnu11;
				GCC_DYNAMIC_NO_PIC = NO;
				GCC_NO_COMMON_BLOCKS = YES;
				GCC_OPTIMIZATION_LEVEL = 0;
				GCC_PREPROCESSOR_DEFINITIONS = (
					"DEBUG=1",
					"$(inherited)",
				);
				GCC_WARN_64_TO_32_BIT_CONVERSION = YES;
				GCC_WARN_ABOUT_RETURN_TYPE = YES_ERROR;
				GCC_WARN_UNDECLARED_SELECTOR = YES;
				GCC_WARN_UNINITIALIZED_AUTOS = YES_AGGRESSIVE;
				GCC_WARN_UNUSED_FUNCTION = YES;
				GCC_WARN_UNUSED_VARIABLE = YES;
				IPHONEOS_DEPLOYMENT_TARGET = 13.0;
				MTL_ENABLE_DEBUG_INFO = INCLUDE_SOURCE;
				MTL_FAST_MATH = YES;
				ONLY_ACTIVE_ARCH = YES;
				SDKROOT = iphoneos;
				SWIFT_ACTIVE_COMPILATION_CONDITIONS = DEBUG;
				SWIFT_OPTIMIZATION_LEVEL = "-Onone";
			};
			name = Debug;
		};
		7ACA840F254BC20C000FCD3C /* Release */ = {
			isa = XCBuildConfiguration;
			buildSettings = {
				ALWAYS_SEARCH_USER_PATHS = NO;
				CLANG_ANALYZER_NONNULL = YES;
				CLANG_ANALYZER_NUMBER_OBJECT_CONVERSION = YES_AGGRESSIVE;
				CLANG_CXX_LANGUAGE_STANDARD = "gnu++14";
				CLANG_CXX_LIBRARY = "libc++";
				CLANG_ENABLE_MODULES = YES;
				CLANG_ENABLE_OBJC_ARC = YES;
				CLANG_ENABLE_OBJC_WEAK = YES;
				CLANG_WARN_BLOCK_CAPTURE_AUTORELEASING = YES;
				CLANG_WARN_BOOL_CONVERSION = YES;
				CLANG_WARN_COMMA = YES;
				CLANG_WARN_CONSTANT_CONVERSION = YES;
				CLANG_WARN_DEPRECATED_OBJC_IMPLEMENTATIONS = YES;
				CLANG_WARN_DIRECT_OBJC_ISA_USAGE = YES_ERROR;
				CLANG_WARN_DOCUMENTATION_COMMENTS = YES;
				CLANG_WARN_EMPTY_BODY = YES;
				CLANG_WARN_ENUM_CONVERSION = YES;
				CLANG_WARN_INFINITE_RECURSION = YES;
				CLANG_WARN_INT_CONVERSION = YES;
				CLANG_WARN_NON_LITERAL_NULL_CONVERSION = YES;
				CLANG_WARN_OBJC_IMPLICIT_RETAIN_SELF = YES;
				CLANG_WARN_OBJC_LITERAL_CONVERSION = YES;
				CLANG_WARN_OBJC_ROOT_CLASS = YES_ERROR;
				CLANG_WARN_QUOTED_INCLUDE_IN_FRAMEWORK_HEADER = YES;
				CLANG_WARN_RANGE_LOOP_ANALYSIS = YES;
				CLANG_WARN_STRICT_PROTOTYPES = YES;
				CLANG_WARN_SUSPICIOUS_MOVE = YES;
				CLANG_WARN_UNGUARDED_AVAILABILITY = YES_AGGRESSIVE;
				CLANG_WARN_UNREACHABLE_CODE = YES;
				CLANG_WARN__DUPLICATE_METHOD_MATCH = YES;
				COPY_PHASE_STRIP = NO;
				DEBUG_INFORMATION_FORMAT = "dwarf-with-dsym";
				ENABLE_NS_ASSERTIONS = NO;
				ENABLE_STRICT_OBJC_MSGSEND = YES;
				GCC_C_LANGUAGE_STANDARD = gnu11;
				GCC_NO_COMMON_BLOCKS = YES;
				GCC_WARN_64_TO_32_BIT_CONVERSION = YES;
				GCC_WARN_ABOUT_RETURN_TYPE = YES_ERROR;
				GCC_WARN_UNDECLARED_SELECTOR = YES;
				GCC_WARN_UNINITIALIZED_AUTOS = YES_AGGRESSIVE;
				GCC_WARN_UNUSED_FUNCTION = YES;
				GCC_WARN_UNUSED_VARIABLE = YES;
				IPHONEOS_DEPLOYMENT_TARGET = 13.0;
				MTL_ENABLE_DEBUG_INFO = NO;
				MTL_FAST_MATH = YES;
				SDKROOT = iphoneos;
				SWIFT_COMPILATION_MODE = wholemodule;
				SWIFT_OPTIMIZATION_LEVEL = "-O";
				VALIDATE_PRODUCT = YES;
			};
			name = Release;
		};
		7ACA8411254BC20C000FCD3C /* Debug */ = {
			isa = XCBuildConfiguration;
			buildSettings = {
				ALWAYS_EMBED_SWIFT_STANDARD_LIBRARIES = YES;
				ASSETCATALOG_COMPILER_APPICON_NAME = AppIcon;
				ASSETCATALOG_COMPILER_GLOBAL_ACCENT_COLOR_NAME = AccentColor;
				CODE_SIGN_STYLE = Automatic;
				CURRENT_PROJECT_VERSION = 3;
				DEVELOPMENT_TEAM = 373U5VR954;
				INFOPLIST_FILE = 2xSpeedAudio/Info.plist;
				IPHONEOS_DEPLOYMENT_TARGET = 13.0;
				LD_RUNPATH_SEARCH_PATHS = (
					"$(inherited)",
					"@executable_path/Frameworks",
				);
				PRODUCT_BUNDLE_IDENTIFIER = com.baza.twoxspeedaudio;
				PRODUCT_NAME = "$(TARGET_NAME)";
				SWIFT_VERSION = 5.0;
				TARGETED_DEVICE_FAMILY = "1,2";
			};
			name = Debug;
		};
		7ACA8412254BC20C000FCD3C /* Release */ = {
			isa = XCBuildConfiguration;
			buildSettings = {
				ALWAYS_EMBED_SWIFT_STANDARD_LIBRARIES = YES;
				ASSETCATALOG_COMPILER_APPICON_NAME = AppIcon;
				ASSETCATALOG_COMPILER_GLOBAL_ACCENT_COLOR_NAME = AccentColor;
				CODE_SIGN_STYLE = Automatic;
				CURRENT_PROJECT_VERSION = 3;
				DEVELOPMENT_TEAM = 373U5VR954;
				INFOPLIST_FILE = 2xSpeedAudio/Info.plist;
				IPHONEOS_DEPLOYMENT_TARGET = 13.0;
				LD_RUNPATH_SEARCH_PATHS = (
					"$(inherited)",
					"@executable_path/Frameworks",
				);
				PRODUCT_BUNDLE_IDENTIFIER = com.baza.twoxspeedaudio;
				PRODUCT_NAME = "$(TARGET_NAME)";
				SWIFT_VERSION = 5.0;
				TARGETED_DEVICE_FAMILY = "1,2";
			};
			name = Release;
		};
		7AE80F1425615B84000E22DA /* Debug */ = {
			isa = XCBuildConfiguration;
			buildSettings = {
				ASSETCATALOG_COMPILER_APPICON_NAME = ExtensionIcon;
				CODE_SIGN_STYLE = Automatic;
				CURRENT_PROJECT_VERSION = 2;
				DEVELOPMENT_TEAM = 373U5VR954;
				INFOPLIST_FILE = action/Info.plist;
				IPHONEOS_DEPLOYMENT_TARGET = 13.0;
				LD_RUNPATH_SEARCH_PATHS = (
					"$(inherited)",
					"@executable_path/Frameworks",
					"@executable_path/../../Frameworks",
				);
				PRODUCT_BUNDLE_IDENTIFIER = com.baza.twoxspeedaudio.action;
				PRODUCT_NAME = "$(TARGET_NAME)";
				SKIP_INSTALL = YES;
				SWIFT_VERSION = 5.0;
				TARGETED_DEVICE_FAMILY = "1,2";
			};
			name = Debug;
		};
		7AE80F1525615B84000E22DA /* Release */ = {
			isa = XCBuildConfiguration;
			buildSettings = {
				ASSETCATALOG_COMPILER_APPICON_NAME = ExtensionIcon;
				CODE_SIGN_STYLE = Automatic;
				CURRENT_PROJECT_VERSION = 2;
				DEVELOPMENT_TEAM = 373U5VR954;
				INFOPLIST_FILE = action/Info.plist;
				IPHONEOS_DEPLOYMENT_TARGET = 13.0;
				LD_RUNPATH_SEARCH_PATHS = (
					"$(inherited)",
					"@executable_path/Frameworks",
					"@executable_path/../../Frameworks",
				);
				PRODUCT_BUNDLE_IDENTIFIER = com.baza.twoxspeedaudio.action;
				PRODUCT_NAME = "$(TARGET_NAME)";
				SKIP_INSTALL = YES;
				SWIFT_VERSION = 5.0;
				TARGETED_DEVICE_FAMILY = "1,2";
			};
			name = Release;
		};
/* End XCBuildConfiguration section */

/* Begin XCConfigurationList section */
		7ACA83F7254BC20A000FCD3C /* Build configuration list for PBXProject "2xSpeedAudio" */ = {
			isa = XCConfigurationList;
			buildConfigurations = (
				7ACA840E254BC20C000FCD3C /* Debug */,
				7ACA840F254BC20C000FCD3C /* Release */,
			);
			defaultConfigurationIsVisible = 0;
			defaultConfigurationName = Release;
		};
		7ACA8410254BC20C000FCD3C /* Build configuration list for PBXNativeTarget "2xSpeedAudio" */ = {
			isa = XCConfigurationList;
			buildConfigurations = (
				7ACA8411254BC20C000FCD3C /* Debug */,
				7ACA8412254BC20C000FCD3C /* Release */,
			);
			defaultConfigurationIsVisible = 0;
			defaultConfigurationName = Release;
		};
		7AE80F1625615B84000E22DA /* Build configuration list for PBXNativeTarget "action" */ = {
			isa = XCConfigurationList;
			buildConfigurations = (
				7AE80F1425615B84000E22DA /* Debug */,
				7AE80F1525615B84000E22DA /* Release */,
			);
			defaultConfigurationIsVisible = 0;
			defaultConfigurationName = Release;
		};
/* End XCConfigurationList section */
	};
	rootObject = 7ACA83F4254BC20A000FCD3C /* Project object */;
}
